
Microsoft Visual Studio Solution File, Format Version 11.00
# Visual Studio 2010
Project("{FAE04EC0-301F-11D3-BF4B-00C04F79EFBC}") = "Assembly-CSharp", "Assembly-CSharp.csproj", "{E942C5C9-3C86-5348-4006-558D229F9069}"
EndProject
Project("{FAE04EC0-301F-11D3-BF4B-00C04F79EFBC}") = "Assembly-CSharp-Editor", "Assembly-CSharp-Editor.csproj", "{80CC2BED-57BC-AD2E-00A5-F9422492EFF9}"
EndProject
Global
	GlobalSection(SolutionConfigurationPlatforms) = preSolution
		Debug|Any CPU = Debug|Any CPU
		Release|Any CPU = Release|Any CPU
	EndGlobalSection
	GlobalSection(ProjectConfigurationPlatforms) = postSolution
		{E942C5C9-3C86-5348-4006-558D229F9069}.Debug|Any CPU.ActiveCfg = Debug|Any CPU
		{E942C5C9-3C86-5348-4006-558D229F9069}.Debug|Any CPU.Build.0 = Debug|Any CPU
		{E942C5C9-3C86-5348-4006-558D229F9069}.Release|Any CPU.ActiveCfg = Release|Any CPU
		{E942C5C9-3C86-5348-4006-558D229F9069}.Release|Any CPU.Build.0 = Release|Any CPU
		{80CC2BED-57BC-AD2E-00A5-F9422492EFF9}.Debug|Any CPU.ActiveCfg = Debug|Any CPU
		{80CC2BED-57BC-AD2E-00A5-F9422492EFF9}.Debug|Any CPU.Build.0 = Debug|Any CPU
		{80CC2BED-57BC-AD2E-00A5-F9422492EFF9}.Release|Any CPU.ActiveCfg = Release|Any CPU
		{80CC2BED-57BC-AD2E-00A5-F9422492EFF9}.Release|Any CPU.Build.0 = Release|Any CPU
	EndGlobalSection
	GlobalSection(SolutionProperties) = preSolution
		HideSolutionNode = FALSE
	EndGlobalSection
	GlobalSection(MonoDevelopProperties) = preSolution
		StartupItem = Assembly-CSharp.csproj
	EndGlobalSection
EndGlobal
